Microsoft Visual Studio Solution File, Format Version 12.00
# Visual Studio Version 17
VisualStudioVersion = 17.5.2.0
MinimumVisualStudioVersion = 10.0.40219.1
Project("{FAE04EC0-301F-11D3-BF4B-00C04F79EFBC}") = "ObituaryApplication", "ObituaryApplication.csproj", "{DC1DF5E2-8A1D-6718-9D15-0AC8F655EA18}"
EndProject
Global
	GlobalSection(SolutionConfigurationPlatforms) = preSolution
		Debug|Any CPU = Debug|Any CPU
		Release|Any CPU = Release|Any CPU
	EndGlobalSection
	GlobalSection(ProjectConfigurationPlatforms) = postSolution
		{DC1DF5E2-8A1D-6718-9D15-0AC8F655EA18}.Debug|Any CPU.ActiveCfg = Debug|Any CPU
		{DC1DF5E2-8A1D-6718-9D15-0AC8F655EA18}.Debug|Any CPU.Build.0 = Debug|Any CPU
		{DC1DF5E2-8A1D-6718-9D15-0AC8F655EA18}.Release|Any CPU.ActiveCfg = Release|Any CPU
		{DC1DF5E2-8A1D-6718-9D15-0AC8F655EA18}.Release|Any CPU.Build.0 = Release|Any CPU
	EndGlobalSection
	GlobalSection(SolutionProperties) = preSolution
		HideSolutionNode = FALSE
	EndGlobalSection
	GlobalSection(ExtensibilityGlobals) = postSolution
		SolutionGuid = {A5BF2026-EAF4-4A47-9411-35D13588B68F}
	EndGlobalSection
EndGlobal
